
Microsoft Visual Studio Solution File, Format Version 12.00
# Visual Studio Version 16
VisualStudioVersion = 16.0.30611.23
MinimumVisualStudioVersion = 10.0.40219.1
Project("{9A19103F-16F7-4668-BE54-9A1E7A4F7556}") = "Mathematics", "Mathematics\Mathematics.csproj", "{2F9FF5AE-8CF6-4475-A3B1-8EF043C51DE1}"
EndProject
Project("{9A19103F-16F7-4668-BE54-9A1E7A4F7556}") = "MathematicsTest", "MathematicsTest\MathematicsTest.csproj", "{384201B1-481A-4808-A344-AB333BEB942F}"
EndProject
Project("{FAE04EC0-301F-11D3-BF4B-00C04F79EFBC}") = "MathematicsConsole", "MathematicsConsole\MathematicsConsole.csproj", "{0625F16E-843D-4EAA-AD4B-965D7DF0CCC5}"
EndProject
Global
	GlobalSection(SolutionConfigurationPlatforms) = preSolution
		Debug|Any CPU = Debug|Any CPU
		Release|Any CPU = Release|Any CPU
	EndGlobalSection
	GlobalSection(ProjectConfigurationPlatforms) = postSolution
		{2F9FF5AE-8CF6-4475-A3B1-8EF043C51DE1}.Debug|Any CPU.ActiveCfg = Debug|Any CPU
		{2F9FF5AE-8CF6-4475-A3B1-8EF043C51DE1}.Debug|Any CPU.Build.0 = Debug|Any CPU
		{2F9FF5AE-8CF6-4475-A3B1-8EF043C51DE1}.Release|Any CPU.ActiveCfg = Release|Any CPU
		{2F9FF5AE-8CF6-4475-A3B1-8EF043C51DE1}.Release|Any CPU.Build.0 = Release|Any CPU
		{384201B1-481A-4808-A344-AB333BEB942F}.Debug|Any CPU.ActiveCfg = Debug|Any CPU
		{384201B1-481A-4808-A344-AB333BEB942F}.Debug|Any CPU.Build.0 = Debug|Any CPU
		{384201B1-481A-4808-A344-AB333BEB942F}.Release|Any CPU.ActiveCfg = Release|Any CPU
		{384201B1-481A-4808-A344-AB333BEB942F}.Release|Any CPU.Build.0 = Release|Any CPU
		{0625F16E-843D-4EAA-AD4B-965D7DF0CCC5}.Debug|Any CPU.ActiveCfg = Debug|Any CPU
		{0625F16E-843D-4EAA-AD4B-965D7DF0CCC5}.Debug|Any CPU.Build.0 = Debug|Any CPU
		{0625F16E-843D-4EAA-AD4B-965D7DF0CCC5}.Release|Any CPU.ActiveCfg = Release|Any CPU
		{0625F16E-843D-4EAA-AD4B-965D7DF0CCC5}.Release|Any CPU.Build.0 = Release|Any CPU
	EndGlobalSection
	GlobalSection(SolutionProperties) = preSolution
		HideSolutionNode = FALSE
	EndGlobalSection
	GlobalSection(ExtensibilityGlobals) = postSolution
		SolutionGuid = {FCBEBAAB-2DD2-421F-827E-20E2B202C515}
	EndGlobalSection
EndGlobal
